// !$*UTF8*$!
{
	archiveVersion = 1;
	classes = {
	};
	objectVersion = 56;
	objects = {

/* Begin PBXBuildFile section */
		F1E4E6D029CACF79009356A4 /* AppDelegate.swift in Sources */ = {isa = PBXBuildFile; fileRef = F1E4E6CF29CACF79009356A4 /* AppDelegate.swift */; };
		F1E4E6D229CACF79009356A4 /* ViewController.swift in Sources */ = {isa = PBXBuildFile; fileRef = F1E4E6D129CACF79009356A4 /* ViewController.swift */; };
		F1E4E6D429CACF98009356A4 /* Assets.xcassets in Resources */ = {isa = PBXBuildFile; fileRef = F1E4E6D329CACF98009356A4 /* Assets.xcassets */; };
		F1E4E6D729CACF98009356A4 /* Main.storyboard in Resources */ = {isa = PBXBuildFile; fileRef = F1E4E6D529CACF98009356A4 /* Main.storyboard */; };
		F1E6E0B529CADBB6001CF7C7 /* MATEMATIK.swift in Sources */ = {isa = PBXBuildFile; fileRef = F1E6E0B429CADBB6001CF7C7 /* MATEMATIK.swift */; };
		F1E6E0B729CADD0F001CF7C7 /* MenuMATEMATIK.swift in Sources */ = {isa = PBXBuildFile; fileRef = F1E6E0B629CADD0F001CF7C7 /* MenuMATEMATIK.swift */; };
		F1E6E0BA29CAE16B001CF7C7 /* confeti.gif in Resources */ = {isa = PBXBuildFile; fileRef = F1E6E0B929CAE16B001CF7C7 /* confeti.gif */; };
		F1E6E0BC29CAE1EA001CF7C7 /* PREGUNTA2.swift in Sources */ = {isa = PBXBuildFile; fileRef = F1E6E0BB29CAE1EA001CF7C7 /* PREGUNTA2.swift */; };
		F1E6E0BE29CAE204001CF7C7 /* MenuPREGUNTA2.swift in Sources */ = {isa = PBXBuildFile; fileRef = F1E6E0BD29CAE204001CF7C7 /* MenuPREGUNTA2.swift */; };
		F1E6E0C029CAFA3E001CF7C7 /* MenuINICIAL.swift in Sources */ = {isa = PBXBuildFile; fileRef = F1E6E0BF29CAFA3D001CF7C7 /* MenuINICIAL.swift */; };
/* End PBXBuildFile section */

/* Begin PBXFileReference section */
		F1E4E6CC29CACF79009356A4 /* Bath Games.app */ = {isa = PBXFileReference; explicitFileType = wrapper.application; includeInIndex = 0; path = "Bath Games.app"; sourceTree = BUILT_PRODUCTS_DIR; };
		F1E4E6CF29CACF79009356A4 /* AppDelegate.swift */ = {isa = PBXFileReference; lastKnownFileType = sourcecode.swift; path = AppDelegate.swift; sourceTree = "<group>"; };
		F1E4E6D129CACF79009356A4 /* ViewController.swift */ = {isa = PBXFileReference; lastKnownFileType = sourcecode.swift; path = ViewController.swift; sourceTree = "<group>"; };
		F1E4E6D329CACF98009356A4 /* Assets.xcassets */ = {isa = PBXFileReference; lastKnownFileType = folder.assetcatalog; path = Assets.xcassets; sourceTree = "<group>"; };
		F1E4E6D629CACF98009356A4 /* Base */ = {isa = PBXFileReference; lastKnownFileType = file.storyboard; name = Base; path = Base.lproj/Main.storyboard; sourceTree = "<group>"; };
		F1E4E6D829CACF98009356A4 /* Bath_Games.entitlements */ = {isa = PBXFileReference; lastKnownFileType = text.plist.entitlements; path = Bath_Games.entitlements; sourceTree = "<group>"; };
		F1E6E0B429CADBB6001CF7C7 /* MATEMATIK.swift */ = {isa = PBXFileReference; lastKnownFileType = sourcecode.swift; path = MATEMATIK.swift; sourceTree = "<group>"; };
		F1E6E0B629CADD0F001CF7C7 /* MenuMATEMATIK.swift */ = {isa = PBXFileReference; lastKnownFileType = sourcecode.swift; path = MenuMATEMATIK.swift; sourceTree = "<group>"; };
		F1E6E0B929CAE16B001CF7C7 /* confeti.gif */ = {isa = PBXFileReference; lastKnownFileType = image.gif; path = confeti.gif; sourceTree = "<group>"; };
		F1E6E0BB29CAE1EA001CF7C7 /* PREGUNTA2.swift */ = {isa = PBXFileReference; lastKnownFileType = sourcecode.swift; path = PREGUNTA2.swift; sourceTree = "<group>"; };
		F1E6E0BD29CAE204001CF7C7 /* MenuPREGUNTA2.swift */ = {isa = PBXFileReference; lastKnownFileType = sourcecode.swift; path = MenuPREGUNTA2.swift; sourceTree = "<group>"; };
		F1E6E0BF29CAFA3D001CF7C7 /* MenuINICIAL.swift */ = {isa = PBXFileReference; lastKnownFileType = sourcecode.swift; path = MenuINICIAL.swift; sourceTree = "<group>"; };
/* End PBXFileReference section */

/* Begin PBXFrameworksBuildPhase section */
		F1E4E6C929CACF79009356A4 /* Frameworks */ = {
			isa = PBXFrameworksBuildPhase;
			buildActionMask = 2147483647;
			files = (
			);
			runOnlyForDeploymentPostprocessing = 0;
		};
/* End PBXFrameworksBuildPhase section */

/* Begin PBXGroup section */
		F1E4E6C329CACF79009356A4 = {
			isa = PBXGroup;
			children = (
				F1E4E6CE29CACF79009356A4 /* Bath Games */,
				F1E4E6CD29CACF79009356A4 /* Products */,
			);
			sourceTree = "<group>";
		};
		F1E4E6CD29CACF79009356A4 /* Products */ = {
			isa = PBXGroup;
			children = (
				F1E4E6CC29CACF79009356A4 /* Bath Games.app */,
			);
			name = Products;
			sourceTree = "<group>";
		};
		F1E4E6CE29CACF79009356A4 /* Bath Games */ = {
			isa = PBXGroup;
			children = (
				F1E4E6CF29CACF79009356A4 /* AppDelegate.swift */,
				F1E4E6D129CACF79009356A4 /* ViewController.swift */,
				F1E4E6D329CACF98009356A4 /* Assets.xcassets */,
				F1E6E0B829CAE14F001CF7C7 /* Animated Assets */,
				F1E4E6D529CACF98009356A4 /* Main.storyboard */,
				F1E6E0BF29CAFA3D001CF7C7 /* MenuINICIAL.swift */,
				F1E6E0BB29CAE1EA001CF7C7 /* PREGUNTA2.swift */,
				F1E6E0BD29CAE204001CF7C7 /* MenuPREGUNTA2.swift */,
				F1E6E0B429CADBB6001CF7C7 /* MATEMATIK.swift */,
				F1E6E0B629CADD0F001CF7C7 /* MenuMATEMATIK.swift */,
				F1E4E6D829CACF98009356A4 /* Bath_Games.entitlements */,
			);
			path = "Bath Games";
			sourceTree = "<group>";
		};
		F1E6E0B829CAE14F001CF7C7 /* Animated Assets */ = {
			isa = PBXGroup;
			children = (
				F1E6E0B929CAE16B001CF7C7 /* confeti.gif */,
			);
			path = "Animated Assets";
			sourceTree = "<group>";
		};
/* End PBXGroup section */

/* Begin PBXNativeTarget section */
		F1E4E6CB29CACF79009356A4 /* Bath Games */ = {
			isa = PBXNativeTarget;
			buildConfigurationList = F1E4E6DB29CACF98009356A4 /* Build configuration list for PBXNativeTarget "Bath Games" */;
			buildPhases = (
				F1E4E6C829CACF79009356A4 /* Sources */,
				F1E4E6C929CACF79009356A4 /* Frameworks */,
				F1E4E6CA29CACF79009356A4 /* Resources */,
			);
			buildRules = (
			);
			dependencies = (
			);
			name = "Bath Games";
			productName = "Bath Games";
			productReference = F1E4E6CC29CACF79009356A4 /* Bath Games.app */;
			productType = "com.apple.product-type.application";
		};
/* End PBXNativeTarget section */

/* Begin PBXProject section */
		F1E4E6C429CACF79009356A4 /* Project object */ = {
			isa = PBXProject;
			attributes = {
				BuildIndependentTargetsInParallel = 1;
				LastSwiftUpdateCheck = 1420;
				LastUpgradeCheck = 1420;
				TargetAttributes = {
					F1E4E6CB29CACF79009356A4 = {
						CreatedOnToolsVersion = 14.2;
					};
				};
			};
			buildConfigurationList = F1E4E6C729CACF79009356A4 /* Build configuration list for PBXProject "Bath Games" */;
			compatibilityVersion = "Xcode 14.0";
			developmentRegion = en;
			hasScannedForEncodings = 0;
			knownRegions = (
				en,
				Base,
			);
			mainGroup = F1E4E6C329CACF79009356A4;
			productRefGroup = F1E4E6CD29CACF79009356A4 /* Products */;
			projectDirPath = "";
			projectRoot = "";
			targets = (
				F1E4E6CB29CACF79009356A4 /* Bath Games */,
			);
		};
/* End PBXProject section */

/* Begin PBXResourcesBuildPhase section */
		F1E4E6CA29CACF79009356A4 /* Resources */ = {
			isa = PBXResourcesBuildPhase;
			buildActionMask = 2147483647;
			files = (
				F1E4E6D429CACF98009356A4 /* Assets.xcassets in Resources */,
				F1E4E6D729CACF98009356A4 /* Main.storyboard in Resources */,
				F1E6E0BA29CAE16B001CF7C7 /* confeti.gif in Resources */,
			);
			runOnlyForDeploymentPostprocessing = 0;
		};
/* End PBXResourcesBuildPhase section */

/* Begin PBXSourcesBuildPhase section */
		F1E4E6C829CACF79009356A4 /* Sources */ = {
			isa = PBXSourcesBuildPhase;
			buildActionMask = 2147483647;
			files = (
				F1E6E0B729CADD0F001CF7C7 /* MenuMATEMATIK.swift in Sources */,
				F1E6E0BE29CAE204001CF7C7 /* MenuPREGUNTA2.swift in Sources */,
				F1E4E6D229CACF79009356A4 /* ViewController.swift in Sources */,
				F1E4E6D029CACF79009356A4 /* AppDelegate.swift in Sources */,
				F1E6E0BC29CAE1EA001CF7C7 /* PREGUNTA2.swift in Sources */,
				F1E6E0B529CADBB6001CF7C7 /* MATEMATIK.swift in Sources */,
				F1E6E0C029CAFA3E001CF7C7 /* MenuINICIAL.swift in Sources */,
			);
			runOnlyForDeploymentPostprocessing = 0;
		};
/* End PBXSourcesBuildPhase section */

/* Begin PBXVariantGroup section */
		F1E4E6D529CACF98009356A4 /* Main.storyboard */ = {
			isa = PBXVariantGroup;
			children = (
				F1E4E6D629CACF98009356A4 /* Base */,
			);
			name = Main.storyboard;
			sourceTree = "<group>";
		};
/* End PBXVariantGroup section */

/* Begin XCBuildConfiguration section */
		F1E4E6D929CACF98009356A4 /* Debug */ = {
			isa = XCBuildConfiguration;
			buildSettings = {
				ALWAYS_SEARCH_USER_PATHS = NO;
				CLANG_ANALYZER_NONNULL = YES;
				CLANG_ANALYZER_NUMBER_OBJECT_CONVERSION = YES_AGGRESSIVE;
				CLANG_CXX_LANGUAGE_STANDARD = "gnu++20";
				CLANG_ENABLE_MODULES = YES;
				CLANG_ENABLE_OBJC_ARC = YES;
				CLANG_ENABLE_OBJC_WEAK = YES;
				CLANG_WARN_BLOCK_CAPTURE_AUTORELEASING = YES;
				CLANG_WARN_BOOL_CONVERSION = YES;
				CLANG_WARN_COMMA = YES;
				CLANG_WARN_CONSTANT_CONVERSION = YES;
				CLANG_WARN_DEPRECATED_OBJC_IMPLEMENTATIONS = YES;
				CLANG_WARN_DIRECT_OBJC_ISA_USAGE = YES_ERROR;
				CLANG_WARN_DOCUMENTATION_COMMENTS = YES;
				CLANG_WARN_EMPTY_BODY = YES;
				CLANG_WARN_ENUM_CONVERSION = YES;
				CLANG_WARN_INFINITE_RECURSION = YES;
				CLANG_WARN_INT_CONVERSION = YES;
				CLANG_WARN_NON_LITERAL_NULL_CONVERSION = YES;
				CLANG_WARN_OBJC_IMPLICIT_RETAIN_SELF = YES;
				CLANG_WARN_OBJC_LITERAL_CONVERSION = YES;
				CLANG_WARN_OBJC_ROOT_CLASS = YES_ERROR;
				CLANG_WARN_QUOTED_INCLUDE_IN_FRAMEWORK_HEADER = YES;
				CLANG_WARN_RANGE_LOOP_ANALYSIS = YES;
				CLANG_WARN_STRICT_PROTOTYPES = YES;
				CLANG_WARN_SUSPICIOUS_MOVE = YES;
				CLANG_WARN_UNGUARDED_AVAILABILITY = YES_AGGRESSIVE;
				CLANG_WARN_UNREACHABLE_CODE = YES;
				CLANG_WARN__DUPLICATE_METHOD_MATCH = YES;
				COPY_PHASE_STRIP = NO;
				DEBUG_INFORMATION_FORMAT = dwarf;
				ENABLE_STRICT_OBJC_MSGSEND = YES;
				ENABLE_TESTABILITY = YES;
				GCC_C_LANGUAGE_STANDARD = gnu11;
				GCC_DYNAMIC_NO_PIC = NO;
				GCC_NO_COMMON_BLOCKS = YES;
				GCC_OPTIMIZATION_LEVEL = 0;
				GCC_PREPROCESSOR_DEFINITIONS = (
					"DEBUG=1",
					"$(inherited)",
				);
				GCC_WARN_64_TO_32_BIT_CONVERSION = YES;
				GCC_WARN_ABOUT_RETURN_TYPE = YES_ERROR;
				GCC_WARN_UNDECLARED_SELECTOR = YES;
				GCC_WARN_UNINITIALIZED_AUTOS = YES_AGGRESSIVE;
				GCC_WARN_UNUSED_FUNCTION = YES;
				GCC_WARN_UNUSED_VARIABLE = YES;
				MACOSX_DEPLOYMENT_TARGET = 12.6;
				MTL_ENABLE_DEBUG_INFO = INCLUDE_SOURCE;
				MTL_FAST_MATH = YES;
				ONLY_ACTIVE_ARCH = YES;
				SDKROOT = macosx;
				SWIFT_ACTIVE_COMPILATION_CONDITIONS = DEBUG;
				SWIFT_OPTIMIZATION_LEVEL = "-Onone";
			};
			name = Debug;
		};
		F1E4E6DA29CACF98009356A4 /* Release */ = {
			isa = XCBuildConfiguration;
			buildSettings = {
				ALWAYS_SEARCH_USER_PATHS = NO;
				CLANG_ANALYZER_NONNULL = YES;
				CLANG_ANALYZER_NUMBER_OBJECT_CONVERSION = YES_AGGRESSIVE;
				CLANG_CXX_LANGUAGE_STANDARD = "gnu++20";
				CLANG_ENABLE_MODULES = YES;
				CLANG_ENABLE_OBJC_ARC = YES;
				CLANG_ENABLE_OBJC_WEAK = YES;
				CLANG_WARN_BLOCK_CAPTURE_AUTORELEASING = YES;
				CLANG_WARN_BOOL_CONVERSION = YES;
				CLANG_WARN_COMMA = YES;
				CLANG_WARN_CONSTANT_CONVERSION = YES;
				CLANG_WARN_DEPRECATED_OBJC_IMPLEMENTATIONS = YES;
				CLANG_WARN_DIRECT_OBJC_ISA_USAGE = YES_ERROR;
				CLANG_WARN_DOCUMENTATION_COMMENTS = YES;
				CLANG_WARN_EMPTY_BODY = YES;
				CLANG_WARN_ENUM_CONVERSION = YES;
				CLANG_WARN_INFINITE_RECURSION = YES;
				CLANG_WARN_INT_CONVERSION = YES;
				CLANG_WARN_NON_LITERAL_NULL_CONVERSION = YES;
				CLANG_WARN_OBJC_IMPLICIT_RETAIN_SELF = YES;
				CLANG_WARN_OBJC_LITERAL_CONVERSION = YES;
				CLANG_WARN_OBJC_ROOT_CLASS = YES_ERROR;
				CLANG_WARN_QUOTED_INCLUDE_IN_FRAMEWORK_HEADER = YES;
				CLANG_WARN_RANGE_LOOP_ANALYSIS = YES;
				CLANG_WARN_STRICT_PROTOTYPES = YES;
				CLANG_WARN_SUSPICIOUS_MOVE = YES;
				CLANG_WARN_UNGUARDED_AVAILABILITY = YES_AGGRESSIVE;
				CLANG_WARN_UNREACHABLE_CODE = YES;
				CLANG_WARN__DUPLICATE_METHOD_MATCH = YES;
				COPY_PHASE_STRIP = NO;
				DEBUG_INFORMATION_FORMAT = "dwarf-with-dsym";
				ENABLE_NS_ASSERTIONS = NO;
				ENABLE_STRICT_OBJC_MSGSEND = YES;
				GCC_C_LANGUAGE_STANDARD = gnu11;
				GCC_NO_COMMON_BLOCKS = YES;
				GCC_WARN_64_TO_32_BIT_CONVERSION = YES;
				GCC_WARN_ABOUT_RETURN_TYPE = YES_ERROR;
				GCC_WARN_UNDECLARED_SELECTOR = YES;
				GCC_WARN_UNINITIALIZED_AUTOS = YES_AGGRESSIVE;
				GCC_WARN_UNUSED_FUNCTION = YES;
				GCC_WARN_UNUSED_VARIABLE = YES;
				MACOSX_DEPLOYMENT_TARGET = 12.6;
				MTL_ENABLE_DEBUG_INFO = NO;
				MTL_FAST_MATH = YES;
				SDKROOT = macosx;
				SWIFT_COMPILATION_MODE = wholemodule;
				SWIFT_OPTIMIZATION_LEVEL = "-O";
			};
			name = Release;
		};
		F1E4E6DC29CACF98009356A4 /* Debug */ = {
			isa = XCBuildConfiguration;
			buildSettings = {
				ASSETCATALOG_COMPILER_APPICON_NAME = AppIcon;
				ASSETCATALOG_COMPILER_GLOBAL_ACCENT_COLOR_NAME = AccentColor;
				CODE_SIGN_ENTITLEMENTS = "Bath Games/Bath_Games.entitlements";
				CODE_SIGN_STYLE = Automatic;
				COMBINE_HIDPI_IMAGES = YES;
				CURRENT_PROJECT_VERSION = 1;
				GENERATE_INFOPLIST_FILE = YES;
				INFOPLIST_KEY_NSHumanReadableCopyright = "";
				INFOPLIST_KEY_NSMainStoryboardFile = Main;
				INFOPLIST_KEY_NSPrincipalClass = NSApplication;
				LD_RUNPATH_SEARCH_PATHS = (
					"$(inherited)",
					"@executable_path/../Frameworks",
				);
				MACOSX_DEPLOYMENT_TARGET = 12.0;
				MARKETING_VERSION = 1.0;
				PRODUCT_BUNDLE_IDENTIFIER = "diego.Bath-Games";
				PRODUCT_NAME = "$(TARGET_NAME)";
				SWIFT_EMIT_LOC_STRINGS = YES;
				SWIFT_VERSION = 5.0;
			};
			name = Debug;
		};
		F1E4E6DD29CACF98009356A4 /* Release */ = {
			isa = XCBuildConfiguration;
			buildSettings = {
				ASSETCATALOG_COMPILER_APPICON_NAME = AppIcon;
				ASSETCATALOG_COMPILER_GLOBAL_ACCENT_COLOR_NAME = AccentColor;
				CODE_SIGN_ENTITLEMENTS = "Bath Games/Bath_Games.entitlements";
				CODE_SIGN_STYLE = Automatic;
				COMBINE_HIDPI_IMAGES = YES;
				CURRENT_PROJECT_VERSION = 1;
				GENERATE_INFOPLIST_FILE = YES;
				INFOPLIST_KEY_NSHumanReadableCopyright = "";
				INFOPLIST_KEY_NSMainStoryboardFile = Main;
				INFOPLIST_KEY_NSPrincipalClass = NSApplication;
				LD_RUNPATH_SEARCH_PATHS = (
					"$(inherited)",
					"@executable_path/../Frameworks",
				);
				MACOSX_DEPLOYMENT_TARGET = 12.0;
				MARKETING_VERSION = 1.0;
				PRODUCT_BUNDLE_IDENTIFIER = "diego.Bath-Games";
				PRODUCT_NAME = "$(TARGET_NAME)";
				SWIFT_EMIT_LOC_STRINGS = YES;
				SWIFT_VERSION = 5.0;
			};
			name = Release;
		};
/* End XCBuildConfiguration section */

/* Begin XCConfigurationList section */
		F1E4E6C729CACF79009356A4 /* Build configuration list for PBXProject "Bath Games" */ = {
			isa = XCConfigurationList;
			buildConfigurations = (
				F1E4E6D929CACF98009356A4 /* Debug */,
				F1E4E6DA29CACF98009356A4 /* Release */,
			);
			defaultConfigurationIsVisible = 0;
			defaultConfigurationName = Release;
		};
		F1E4E6DB29CACF98009356A4 /* Build configuration list for PBXNativeTarget "Bath Games" */ = {
			isa = XCConfigurationList;
			buildConfigurations = (
				F1E4E6DC29CACF98009356A4 /* Debug */,
				F1E4E6DD29CACF98009356A4 /* Release */,
			);
			defaultConfigurationIsVisible = 0;
			defaultConfigurationName = Release;
		};
/* End XCConfigurationList section */
	};
	rootObject = F1E4E6C429CACF79009356A4 /* Project object */;
}
